
Microsoft Visual Studio Solution File, Format Version 12.00
# Visual Studio Version 16
VisualStudioVersion = 16.0.30804.86
MinimumVisualStudioVersion = 10.0.40219.1
Project("{9A19103F-16F7-4668-BE54-9A1E7A4F7556}") = "GtkDemo", "GtkDemo\GtkDemo.csproj", "{423730B8-9C45-4BAF-92FB-B23F9F3CBEA6}"
EndProject
Project("{FAE04EC0-301F-11D3-BF4B-00C04F79EFBC}") = "GtkLabF", "GtkLabF\GtkLabF.csproj", "{57A45421-6045-4F7C-9FA6-24138ED92B01}"
EndProject
Project("{9A19103F-16F7-4668-BE54-9A1E7A4F7556}") = "GtkLab", "GtkLab\GtkLab.csproj", "{104ACF83-65A2-49D8-8CDC-BC2F4967627E}"
EndProject
Global
	GlobalSection(SolutionConfigurationPlatforms) = preSolution
		Debug|Any CPU = Debug|Any CPU
		Release|Any CPU = Release|Any CPU
	EndGlobalSection
	GlobalSection(ProjectConfigurationPlatforms) = postSolution
		{423730B8-9C45-4BAF-92FB-B23F9F3CBEA6}.Debug|Any CPU.ActiveCfg = Debug|Any CPU
		{423730B8-9C45-4BAF-92FB-B23F9F3CBEA6}.Debug|Any CPU.Build.0 = Debug|Any CPU
		{423730B8-9C45-4BAF-92FB-B23F9F3CBEA6}.Release|Any CPU.ActiveCfg = Release|Any CPU
		{423730B8-9C45-4BAF-92FB-B23F9F3CBEA6}.Release|Any CPU.Build.0 = Release|Any CPU
		{57A45421-6045-4F7C-9FA6-24138ED92B01}.Debug|Any CPU.ActiveCfg = Debug|Any CPU
		{57A45421-6045-4F7C-9FA6-24138ED92B01}.Debug|Any CPU.Build.0 = Debug|Any CPU
		{57A45421-6045-4F7C-9FA6-24138ED92B01}.Release|Any CPU.ActiveCfg = Release|Any CPU
		{57A45421-6045-4F7C-9FA6-24138ED92B01}.Release|Any CPU.Build.0 = Release|Any CPU
		{104ACF83-65A2-49D8-8CDC-BC2F4967627E}.Debug|Any CPU.ActiveCfg = Debug|Any CPU
		{104ACF83-65A2-49D8-8CDC-BC2F4967627E}.Debug|Any CPU.Build.0 = Debug|Any CPU
		{104ACF83-65A2-49D8-8CDC-BC2F4967627E}.Release|Any CPU.ActiveCfg = Release|Any CPU
		{104ACF83-65A2-49D8-8CDC-BC2F4967627E}.Release|Any CPU.Build.0 = Release|Any CPU
	EndGlobalSection
	GlobalSection(SolutionProperties) = preSolution
		HideSolutionNode = FALSE
	EndGlobalSection
	GlobalSection(ExtensibilityGlobals) = postSolution
		SolutionGuid = {A66411D6-CDD8-4E8D-975A-B6B932580DBC}
	EndGlobalSection
EndGlobal
